
Microsoft Visual Studio Solution File, Format Version 11.00
# Visual Studio 2010
Project("{FAE04EC0-301F-11D3-BF4B-00C04F79EFBC}") = "UFO Maze Game", "Assembly-CSharp.csproj", "{A187678A-853A-1759-985D-C478E7CCC21B}"
EndProject
Project("{FAE04EC0-301F-11D3-BF4B-00C04F79EFBC}") = "UFO Maze Game", "Assembly-CSharp-Editor.csproj", "{B14066D6-C62D-B246-3E40-C8394F61043B}"
EndProject
Global
	GlobalSection(SolutionConfigurationPlatforms) = preSolution
		Debug|Any CPU = Debug|Any CPU
		Release|Any CPU = Release|Any CPU
	EndGlobalSection
	GlobalSection(ProjectConfigurationPlatforms) = postSolution
		{A187678A-853A-1759-985D-C478E7CCC21B}.Debug|Any CPU.ActiveCfg = Debug|Any CPU
		{A187678A-853A-1759-985D-C478E7CCC21B}.Debug|Any CPU.Build.0 = Debug|Any CPU
		{A187678A-853A-1759-985D-C478E7CCC21B}.Release|Any CPU.ActiveCfg = Release|Any CPU
		{A187678A-853A-1759-985D-C478E7CCC21B}.Release|Any CPU.Build.0 = Release|Any CPU
		{B14066D6-C62D-B246-3E40-C8394F61043B}.Debug|Any CPU.ActiveCfg = Debug|Any CPU
		{B14066D6-C62D-B246-3E40-C8394F61043B}.Debug|Any CPU.Build.0 = Debug|Any CPU
		{B14066D6-C62D-B246-3E40-C8394F61043B}.Release|Any CPU.ActiveCfg = Release|Any CPU
		{B14066D6-C62D-B246-3E40-C8394F61043B}.Release|Any CPU.Build.0 = Release|Any CPU
	EndGlobalSection
	GlobalSection(SolutionProperties) = preSolution
		HideSolutionNode = FALSE
	EndGlobalSection
	GlobalSection(MonoDevelopProperties) = preSolution
		StartupItem = Assembly-CSharp.csproj
	EndGlobalSection
EndGlobal
